
Microsoft Visual Studio Solution File, Format Version 12.00
# Visual Studio Version 16
VisualStudioVersion = 16.0.31624.102
MinimumVisualStudioVersion = 10.0.40219.1
Project("{FAE04EC0-301F-11D3-BF4B-00C04F79EFBC}") = "Ex02-Conditionals", "Ex02-Conditionals\Ex02-Conditionals.csproj", "{4111A4A5-1451-4069-B3A6-2C4B55E16AEA}"
EndProject
Global
	GlobalSection(SolutionConfigurationPlatforms) = preSolution
		Debug|Any CPU = Debug|Any CPU
		Release|Any CPU = Release|Any CPU
	EndGlobalSection
	GlobalSection(ProjectConfigurationPlatforms) = postSolution
		{4111A4A5-1451-4069-B3A6-2C4B55E16AEA}.Debug|Any CPU.ActiveCfg = Debug|Any CPU
		{4111A4A5-1451-4069-B3A6-2C4B55E16AEA}.Debug|Any CPU.Build.0 = Debug|Any CPU
		{4111A4A5-1451-4069-B3A6-2C4B55E16AEA}.Release|Any CPU.ActiveCfg = Release|Any CPU
		{4111A4A5-1451-4069-B3A6-2C4B55E16AEA}.Release|Any CPU.Build.0 = Release|Any CPU
	EndGlobalSection
	GlobalSection(SolutionProperties) = preSolution
		HideSolutionNode = FALSE
	EndGlobalSection
	GlobalSection(ExtensibilityGlobals) = postSolution
		SolutionGuid = {C597E0D4-63CC-4D3C-AA1A-999AC00AE136}
	EndGlobalSection
EndGlobal
