
Microsoft Visual Studio Solution File, Format Version 12.00
# Visual Studio Version 16
VisualStudioVersion = 16.0.31624.102
MinimumVisualStudioVersion = 10.0.40219.1
Project("{FAE04EC0-301F-11D3-BF4B-00C04F79EFBC}") = "Ex06 - Array", "Ex06 - Array\Ex06 - Array.csproj", "{948D5495-7C5D-4019-990E-A5D7D3B628C5}"
EndProject
Global
	GlobalSection(SolutionConfigurationPlatforms) = preSolution
		Debug|Any CPU = Debug|Any CPU
		Release|Any CPU = Release|Any CPU
	EndGlobalSection
	GlobalSection(ProjectConfigurationPlatforms) = postSolution
		{948D5495-7C5D-4019-990E-A5D7D3B628C5}.Debug|Any CPU.ActiveCfg = Debug|Any CPU
		{948D5495-7C5D-4019-990E-A5D7D3B628C5}.Debug|Any CPU.Build.0 = Debug|Any CPU
		{948D5495-7C5D-4019-990E-A5D7D3B628C5}.Release|Any CPU.ActiveCfg = Release|Any CPU
		{948D5495-7C5D-4019-990E-A5D7D3B628C5}.Release|Any CPU.Build.0 = Release|Any CPU
	EndGlobalSection
	GlobalSection(SolutionProperties) = preSolution
		HideSolutionNode = FALSE
	EndGlobalSection
	GlobalSection(ExtensibilityGlobals) = postSolution
		SolutionGuid = {0C19D435-A210-49C3-970E-7385A80D2F99}
	EndGlobalSection
EndGlobal
