
Microsoft Visual Studio Solution File, Format Version 12.00
# Visual Studio Version 16
VisualStudioVersion = 16.0.31624.102
MinimumVisualStudioVersion = 10.0.40219.1
Project("{FAE04EC0-301F-11D3-BF4B-00C04F79EFBC}") = "MenuSystem", "MenuSystem\MenuSystem.csproj", "{86B7F27D-3564-4DB0-B1BB-9A522D4AF99D}"
EndProject
Global
	GlobalSection(SolutionConfigurationPlatforms) = preSolution
		Debug|Any CPU = Debug|Any CPU
		Release|Any CPU = Release|Any CPU
	EndGlobalSection
	GlobalSection(ProjectConfigurationPlatforms) = postSolution
		{86B7F27D-3564-4DB0-B1BB-9A522D4AF99D}.Debug|Any CPU.ActiveCfg = Debug|Any CPU
		{86B7F27D-3564-4DB0-B1BB-9A522D4AF99D}.Debug|Any CPU.Build.0 = Debug|Any CPU
		{86B7F27D-3564-4DB0-B1BB-9A522D4AF99D}.Release|Any CPU.ActiveCfg = Release|Any CPU
		{86B7F27D-3564-4DB0-B1BB-9A522D4AF99D}.Release|Any CPU.Build.0 = Release|Any CPU
	EndGlobalSection
	GlobalSection(SolutionProperties) = preSolution
		HideSolutionNode = FALSE
	EndGlobalSection
	GlobalSection(ExtensibilityGlobals) = postSolution
		SolutionGuid = {A89141E4-8B9A-4339-A587-25AA96F8DE8D}
	EndGlobalSection
EndGlobal
