
Microsoft Visual Studio Solution File, Format Version 12.00
# Visual Studio Version 16
VisualStudioVersion = 16.0.31624.102
MinimumVisualStudioVersion = 10.0.40219.1
Project("{9A19103F-16F7-4668-BE54-9A1E7A4F7556}") = "Ex05- Calculator", "Ex05- Calculator\Ex05- Calculator.csproj", "{53E5302B-B87D-48B6-8C61-02AA6DDBAD36}"
EndProject
Project("{FAE04EC0-301F-11D3-BF4B-00C04F79EFBC}") = "CalculatorTest", "CalculatorTest\CalculatorTest.csproj", "{8A7C36C1-76CB-47B5-B8B3-90FEF6BDFD38}"
EndProject
Global
	GlobalSection(SolutionConfigurationPlatforms) = preSolution
		Debug|Any CPU = Debug|Any CPU
		Release|Any CPU = Release|Any CPU
	EndGlobalSection
	GlobalSection(ProjectConfigurationPlatforms) = postSolution
		{53E5302B-B87D-48B6-8C61-02AA6DDBAD36}.Debug|Any CPU.ActiveCfg = Debug|Any CPU
		{53E5302B-B87D-48B6-8C61-02AA6DDBAD36}.Debug|Any CPU.Build.0 = Debug|Any CPU
		{53E5302B-B87D-48B6-8C61-02AA6DDBAD36}.Release|Any CPU.ActiveCfg = Release|Any CPU
		{53E5302B-B87D-48B6-8C61-02AA6DDBAD36}.Release|Any CPU.Build.0 = Release|Any CPU
		{8A7C36C1-76CB-47B5-B8B3-90FEF6BDFD38}.Debug|Any CPU.ActiveCfg = Debug|Any CPU
		{8A7C36C1-76CB-47B5-B8B3-90FEF6BDFD38}.Debug|Any CPU.Build.0 = Debug|Any CPU
		{8A7C36C1-76CB-47B5-B8B3-90FEF6BDFD38}.Release|Any CPU.ActiveCfg = Release|Any CPU
		{8A7C36C1-76CB-47B5-B8B3-90FEF6BDFD38}.Release|Any CPU.Build.0 = Release|Any CPU
	EndGlobalSection
	GlobalSection(SolutionProperties) = preSolution
		HideSolutionNode = FALSE
	EndGlobalSection
	GlobalSection(ExtensibilityGlobals) = postSolution
		SolutionGuid = {F9AEF3AA-A984-4F85-B193-0C3059680B86}
	EndGlobalSection
EndGlobal
