
Microsoft Visual Studio Solution File, Format Version 12.00
# Visual Studio Version 16
VisualStudioVersion = 16.0.31911.196
MinimumVisualStudioVersion = 10.0.40219.1
Project("{9A19103F-16F7-4668-BE54-9A1E7A4F7556}") = "BonusApp.Code", "BonusApp.Code\BonusApp.Code.csproj", "{AFA4F07F-92BA-4C4B-883E-115F56B747EB}"
EndProject
Project("{FAE04EC0-301F-11D3-BF4B-00C04F79EFBC}") = "UnitTest", "UnitTest\UnitTest.csproj", "{B9BE716D-1BEE-475D-93AA-B86DAB45424D}"
EndProject
Global
	GlobalSection(SolutionConfigurationPlatforms) = preSolution
		Debug|Any CPU = Debug|Any CPU
		Release|Any CPU = Release|Any CPU
	EndGlobalSection
	GlobalSection(ProjectConfigurationPlatforms) = postSolution
		{AFA4F07F-92BA-4C4B-883E-115F56B747EB}.Debug|Any CPU.ActiveCfg = Debug|Any CPU
		{AFA4F07F-92BA-4C4B-883E-115F56B747EB}.Debug|Any CPU.Build.0 = Debug|Any CPU
		{AFA4F07F-92BA-4C4B-883E-115F56B747EB}.Release|Any CPU.ActiveCfg = Release|Any CPU
		{AFA4F07F-92BA-4C4B-883E-115F56B747EB}.Release|Any CPU.Build.0 = Release|Any CPU
		{B9BE716D-1BEE-475D-93AA-B86DAB45424D}.Debug|Any CPU.ActiveCfg = Debug|Any CPU
		{B9BE716D-1BEE-475D-93AA-B86DAB45424D}.Debug|Any CPU.Build.0 = Debug|Any CPU
		{B9BE716D-1BEE-475D-93AA-B86DAB45424D}.Release|Any CPU.ActiveCfg = Release|Any CPU
		{B9BE716D-1BEE-475D-93AA-B86DAB45424D}.Release|Any CPU.Build.0 = Release|Any CPU
	EndGlobalSection
	GlobalSection(SolutionProperties) = preSolution
		HideSolutionNode = FALSE
	EndGlobalSection
	GlobalSection(ExtensibilityGlobals) = postSolution
		SolutionGuid = {A02E3687-DC86-4411-B9A6-1CC438145335}
	EndGlobalSection
EndGlobal
